
Microsoft Visual Studio Solution File, Format Version 12.00
# Visual Studio Version 16
VisualStudioVersion = 16.0.33328.57
MinimumVisualStudioVersion = 10.0.40219.1
Project("{9A19103F-16F7-4668-BE54-9A1E7A4F7556}") = "MimicAPI", "MimicAPI2\MimicAPI.csproj", "{F2AD0E5B-B412-4EB5-903E-9E6FCE39EA9E}"
EndProject
Global
	GlobalSection(SolutionConfigurationPlatforms) = preSolution
		Debug|Any CPU = Debug|Any CPU
		Release|Any CPU = Release|Any CPU
	EndGlobalSection
	GlobalSection(ProjectConfigurationPlatforms) = postSolution
		{F2AD0E5B-B412-4EB5-903E-9E6FCE39EA9E}.Debug|Any CPU.ActiveCfg = Debug|Any CPU
		{F2AD0E5B-B412-4EB5-903E-9E6FCE39EA9E}.Debug|Any CPU.Build.0 = Debug|Any CPU
		{F2AD0E5B-B412-4EB5-903E-9E6FCE39EA9E}.Release|Any CPU.ActiveCfg = Release|Any CPU
		{F2AD0E5B-B412-4EB5-903E-9E6FCE39EA9E}.Release|Any CPU.Build.0 = Release|Any CPU
	EndGlobalSection
	GlobalSection(SolutionProperties) = preSolution
		HideSolutionNode = FALSE
	EndGlobalSection
	GlobalSection(ExtensibilityGlobals) = postSolution
		SolutionGuid = {45747C84-DC8D-424E-BD78-BB0CB0AB064B}
	EndGlobalSection
EndGlobal
